// !$*UTF8*$!
{
	archiveVersion = 1;
	classes = {
	};
	objectVersion = 56;
	objects = {

/* Begin PBXBuildFile section */
		1C71FDD629E3BB7100692EE1 /* View_ControllerApp.swift in Sources */ = {isa = PBXBuildFile; fileRef = 1C71FDD529E3BB7100692EE1 /* View_ControllerApp.swift */; };
		1C71FDD829E3BB7100692EE1 /* ContentView.swift in Sources */ = {isa = PBXBuildFile; fileRef = 1C71FDD729E3BB7100692EE1 /* ContentView.swift */; };
		1C71FDDA29E3BB7200692EE1 /* Assets.xcassets in Resources */ = {isa = PBXBuildFile; fileRef = 1C71FDD929E3BB7200692EE1 /* Assets.xcassets */; };
		1C71FDDD29E3BB7200692EE1 /* Preview Assets.xcassets in Resources */ = {isa = PBXBuildFile; fileRef = 1C71FDDC29E3BB7200692EE1 /* Preview Assets.xcassets */; };
		1C71FDE729E3BB7300692EE1 /* View_ControllerTests.swift in Sources */ = {isa = PBXBuildFile; fileRef = 1C71FDE629E3BB7300692EE1 /* View_ControllerTests.swift */; };
		1C71FDF129E3BB7300692EE1 /* View_ControllerUITests.swift in Sources */ = {isa = PBXBuildFile; fileRef = 1C71FDF029E3BB7300692EE1 /* View_ControllerUITests.swift */; };
		1C71FDF329E3BB7300692EE1 /* View_ControllerUITestsLaunchTests.swift in Sources */ = {isa = PBXBuildFile; fileRef = 1C71FDF229E3BB7300692EE1 /* View_ControllerUITestsLaunchTests.swift */; };
/* End PBXBuildFile section */

/* Begin PBXContainerItemProxy section */
		1C71FDE329E3BB7300692EE1 /* PBXContainerItemProxy */ = {
			isa = PBXContainerItemProxy;
			containerPortal = 1C71FDCA29E3BB7100692EE1 /* Project object */;
			proxyType = 1;
			remoteGlobalIDString = 1C71FDD129E3BB7100692EE1;
			remoteInfo = "View Controller";
		};
		1C71FDED29E3BB7300692EE1 /* PBXContainerItemProxy */ = {
			isa = PBXContainerItemProxy;
			containerPortal = 1C71FDCA29E3BB7100692EE1 /* Project object */;
			proxyType = 1;
			remoteGlobalIDString = 1C71FDD129E3BB7100692EE1;
			remoteInfo = "View Controller";
		};
/* End PBXContainerItemProxy section */

/* Begin PBXFileReference section */
		1C71FDD229E3BB7100692EE1 /* View Controller.app */ = {isa = PBXFileReference; explicitFileType = wrapper.application; includeInIndex = 0; path = "View Controller.app"; sourceTree = BUILT_PRODUCTS_DIR; };
		1C71FDD529E3BB7100692EE1 /* View_ControllerApp.swift */ = {isa = PBXFileReference; lastKnownFileType = sourcecode.swift; path = View_ControllerApp.swift; sourceTree = "<group>"; };
		1C71FDD729E3BB7100692EE1 /* ContentView.swift */ = {isa = PBXFileReference; lastKnownFileType = sourcecode.swift; path = ContentView.swift; sourceTree = "<group>"; };
		1C71FDD929E3BB7200692EE1 /* Assets.xcassets */ = {isa = PBXFileReference; lastKnownFileType = folder.assetcatalog; path = Assets.xcassets; sourceTree = "<group>"; };
		1C71FDDC29E3BB7200692EE1 /* Preview Assets.xcassets */ = {isa = PBXFileReference; lastKnownFileType = folder.assetcatalog; path = "Preview Assets.xcassets"; sourceTree = "<group>"; };
		1C71FDE229E3BB7300692EE1 /* View ControllerTests.xctest */ = {isa = PBXFileReference; explicitFileType = wrapper.cfbundle; includeInIndex = 0; path = "View ControllerTests.xctest"; sourceTree = BUILT_PRODUCTS_DIR; };
		1C71FDE629E3BB7300692EE1 /* View_ControllerTests.swift */ = {isa = PBXFileReference; lastKnownFileType = sourcecode.swift; path = View_ControllerTests.swift; sourceTree = "<group>"; };
		1C71FDEC29E3BB7300692EE1 /* View ControllerUITests.xctest */ = {isa = PBXFileReference; explicitFileType = wrapper.cfbundle; includeInIndex = 0; path = "View ControllerUITests.xctest"; sourceTree = BUILT_PRODUCTS_DIR; };
		1C71FDF029E3BB7300692EE1 /* View_ControllerUITests.swift */ = {isa = PBXFileReference; lastKnownFileType = sourcecode.swift; path = View_ControllerUITests.swift; sourceTree = "<group>"; };
		1C71FDF229E3BB7300692EE1 /* View_ControllerUITestsLaunchTests.swift */ = {isa = PBXFileReference; lastKnownFileType = sourcecode.swift; path = View_ControllerUITestsLaunchTests.swift; sourceTree = "<group>"; };
/* End PBXFileReference section */

/* Begin PBXFrameworksBuildPhase section */
		1C71FDCF29E3BB7100692EE1 /* Frameworks */ = {
			isa = PBXFrameworksBuildPhase;
			buildActionMask = 2147483647;
			files = (
			);
			runOnlyForDeploymentPostprocessing = 0;
		};
		1C71FDDF29E3BB7300692EE1 /* Frameworks */ = {
			isa = PBXFrameworksBuildPhase;
			buildActionMask = 2147483647;
			files = (
			);
			runOnlyForDeploymentPostprocessing = 0;
		};
		1C71FDE929E3BB7300692EE1 /* Frameworks */ = {
			isa = PBXFrameworksBuildPhase;
			buildActionMask = 2147483647;
			files = (
			);
			runOnlyForDeploymentPostprocessing = 0;
		};
/* End PBXFrameworksBuildPhase section */

/* Begin PBXGroup section */
		1C71FDC929E3BB7100692EE1 = {
			isa = PBXGroup;
			children = (
				1C71FDD429E3BB7100692EE1 /* View Controller */,
				1C71FDE529E3BB7300692EE1 /* View ControllerTests */,
				1C71FDEF29E3BB7300692EE1 /* View ControllerUITests */,
				1C71FDD329E3BB7100692EE1 /* Products */,
			);
			sourceTree = "<group>";
		};
		1C71FDD329E3BB7100692EE1 /* Products */ = {
			isa = PBXGroup;
			children = (
				1C71FDD229E3BB7100692EE1 /* View Controller.app */,
				1C71FDE229E3BB7300692EE1 /* View ControllerTests.xctest */,
				1C71FDEC29E3BB7300692EE1 /* View ControllerUITests.xctest */,
			);
			name = Products;
			sourceTree = "<group>";
		};
		1C71FDD429E3BB7100692EE1 /* View Controller */ = {
			isa = PBXGroup;
			children = (
				1C71FDD529E3BB7100692EE1 /* View_ControllerApp.swift */,
				1C71FDD729E3BB7100692EE1 /* ContentView.swift */,
				1C71FDD929E3BB7200692EE1 /* Assets.xcassets */,
				1C71FDDB29E3BB7200692EE1 /* Preview Content */,
			);
			path = "View Controller";
			sourceTree = "<group>";
		};
		1C71FDDB29E3BB7200692EE1 /* Preview Content */ = {
			isa = PBXGroup;
			children = (
				1C71FDDC29E3BB7200692EE1 /* Preview Assets.xcassets */,
			);
			path = "Preview Content";
			sourceTree = "<group>";
		};
		1C71FDE529E3BB7300692EE1 /* View ControllerTests */ = {
			isa = PBXGroup;
			children = (
				1C71FDE629E3BB7300692EE1 /* View_ControllerTests.swift */,
			);
			path = "View ControllerTests";
			sourceTree = "<group>";
		};
		1C71FDEF29E3BB7300692EE1 /* View ControllerUITests */ = {
			isa = PBXGroup;
			children = (
				1C71FDF029E3BB7300692EE1 /* View_ControllerUITests.swift */,
				1C71FDF229E3BB7300692EE1 /* View_ControllerUITestsLaunchTests.swift */,
			);
			path = "View ControllerUITests";
			sourceTree = "<group>";
		};
/* End PBXGroup section */

/* Begin PBXNativeTarget section */
		1C71FDD129E3BB7100692EE1 /* View Controller */ = {
			isa = PBXNativeTarget;
			buildConfigurationList = 1C71FDF629E3BB7300692EE1 /* Build configuration list for PBXNativeTarget "View Controller" */;
			buildPhases = (
				1C71FDCE29E3BB7100692EE1 /* Sources */,
				1C71FDCF29E3BB7100692EE1 /* Frameworks */,
				1C71FDD029E3BB7100692EE1 /* Resources */,
			);
			buildRules = (
			);
			dependencies = (
			);
			name = "View Controller";
			productName = "View Controller";
			productReference = 1C71FDD229E3BB7100692EE1 /* View Controller.app */;
			productType = "com.apple.product-type.application";
		};
		1C71FDE129E3BB7300692EE1 /* View ControllerTests */ = {
			isa = PBXNativeTarget;
			buildConfigurationList = 1C71FDF929E3BB7300692EE1 /* Build configuration list for PBXNativeTarget "View ControllerTests" */;
			buildPhases = (
				1C71FDDE29E3BB7300692EE1 /* Sources */,
				1C71FDDF29E3BB7300692EE1 /* Frameworks */,
				1C71FDE029E3BB7300692EE1 /* Resources */,
			);
			buildRules = (
			);
			dependencies = (
				1C71FDE429E3BB7300692EE1 /* PBXTargetDependency */,
			);
			name = "View ControllerTests";
			productName = "View ControllerTests";
			productReference = 1C71FDE229E3BB7300692EE1 /* View ControllerTests.xctest */;
			productType = "com.apple.product-type.bundle.unit-test";
		};
		1C71FDEB29E3BB7300692EE1 /* View ControllerUITests */ = {
			isa = PBXNativeTarget;
			buildConfigurationList = 1C71FDFC29E3BB7300692EE1 /* Build configuration list for PBXNativeTarget "View ControllerUITests" */;
			buildPhases = (
				1C71FDE829E3BB7300692EE1 /* Sources */,
				1C71FDE929E3BB7300692EE1 /* Frameworks */,
				1C71FDEA29E3BB7300692EE1 /* Resources */,
			);
			buildRules = (
			);
			dependencies = (
				1C71FDEE29E3BB7300692EE1 /* PBXTargetDependency */,
			);
			name = "View ControllerUITests";
			productName = "View ControllerUITests";
			productReference = 1C71FDEC29E3BB7300692EE1 /* View ControllerUITests.xctest */;
			productType = "com.apple.product-type.bundle.ui-testing";
		};
/* End PBXNativeTarget section */

/* Begin PBXProject section */
		1C71FDCA29E3BB7100692EE1 /* Project object */ = {
			isa = PBXProject;
			attributes = {
				BuildIndependentTargetsInParallel = 1;
				LastSwiftUpdateCheck = 1420;
				LastUpgradeCheck = 1420;
				TargetAttributes = {
					1C71FDD129E3BB7100692EE1 = {
						CreatedOnToolsVersion = 14.2;
					};
					1C71FDE129E3BB7300692EE1 = {
						CreatedOnToolsVersion = 14.2;
						TestTargetID = 1C71FDD129E3BB7100692EE1;
					};
					1C71FDEB29E3BB7300692EE1 = {
						CreatedOnToolsVersion = 14.2;
						TestTargetID = 1C71FDD129E3BB7100692EE1;
					};
				};
			};
			buildConfigurationList = 1C71FDCD29E3BB7100692EE1 /* Build configuration list for PBXProject "View Controller" */;
			compatibilityVersion = "Xcode 14.0";
			developmentRegion = en;
			hasScannedForEncodings = 0;
			knownRegions = (
				en,
				Base,
			);
			mainGroup = 1C71FDC929E3BB7100692EE1;
			productRefGroup = 1C71FDD329E3BB7100692EE1 /* Products */;
			projectDirPath = "";
			projectRoot = "";
			targets = (
				1C71FDD129E3BB7100692EE1 /* View Controller */,
				1C71FDE129E3BB7300692EE1 /* View ControllerTests */,
				1C71FDEB29E3BB7300692EE1 /* View ControllerUITests */,
			);
		};
/* End PBXProject section */

/* Begin PBXResourcesBuildPhase section */
		1C71FDD029E3BB7100692EE1 /* Resources */ = {
			isa = PBXResourcesBuildPhase;
			buildActionMask = 2147483647;
			files = (
				1C71FDDD29E3BB7200692EE1 /* Preview Assets.xcassets in Resources */,
				1C71FDDA29E3BB7200692EE1 /* Assets.xcassets in Resources */,
			);
			runOnlyForDeploymentPostprocessing = 0;
		};
		1C71FDE029E3BB7300692EE1 /* Resources */ = {
			isa = PBXResourcesBuildPhase;
			buildActionMask = 2147483647;
			files = (
			);
			runOnlyForDeploymentPostprocessing = 0;
		};
		1C71FDEA29E3BB7300692EE1 /* Resources */ = {
			isa = PBXResourcesBuildPhase;
			buildActionMask = 2147483647;
			files = (
			);
			runOnlyForDeploymentPostprocessing = 0;
		};
/* End PBXResourcesBuildPhase section */

/* Begin PBXSourcesBuildPhase section */
		1C71FDCE29E3BB7100692EE1 /* Sources */ = {
			isa = PBXSourcesBuildPhase;
			buildActionMask = 2147483647;
			files = (
				1C71FDD829E3BB7100692EE1 /* ContentView.swift in Sources */,
				1C71FDD629E3BB7100692EE1 /* View_ControllerApp.swift in Sources */,
			);
			runOnlyForDeploymentPostprocessing = 0;
		};
		1C71FDDE29E3BB7300692EE1 /* Sources */ = {
			isa = PBXSourcesBuildPhase;
			buildActionMask = 2147483647;
			files = (
				1C71FDE729E3BB7300692EE1 /* View_ControllerTests.swift in Sources */,
			);
			runOnlyForDeploymentPostprocessing = 0;
		};
		1C71FDE829E3BB7300692EE1 /* Sources */ = {
			isa = PBXSourcesBuildPhase;
			buildActionMask = 2147483647;
			files = (
				1C71FDF129E3BB7300692EE1 /* View_ControllerUITests.swift in Sources */,
				1C71FDF329E3BB7300692EE1 /* View_ControllerUITestsLaunchTests.swift in Sources */,
			);
			runOnlyForDeploymentPostprocessing = 0;
		};
/* End PBXSourcesBuildPhase section */

/* Begin PBXTargetDependency section */
		1C71FDE429E3BB7300692EE1 /* PBXTargetDependency */ = {
			isa = PBXTargetDependency;
			target = 1C71FDD129E3BB7100692EE1 /* View Controller */;
			targetProxy = 1C71FDE329E3BB7300692EE1 /* PBXContainerItemProxy */;
		};
		1C71FDEE29E3BB7300692EE1 /* PBXTargetDependency */ = {
			isa = PBXTargetDependency;
			target = 1C71FDD129E3BB7100692EE1 /* View Controller */;
			targetProxy = 1C71FDED29E3BB7300692EE1 /* PBXContainerItemProxy */;
		};
/* End PBXTargetDependency section */

/* Begin XCBuildConfiguration section */
		1C71FDF429E3BB7300692EE1 /* Debug */ = {
			isa = XCBuildConfiguration;
			buildSettings = {
				ALWAYS_SEARCH_USER_PATHS = NO;
				CLANG_ANALYZER_NONNULL = YES;
				CLANG_ANALYZER_NUMBER_OBJECT_CONVERSION = YES_AGGRESSIVE;
				CLANG_CXX_LANGUAGE_STANDARD = "gnu++20";
				CLANG_ENABLE_MODULES = YES;
				CLANG_ENABLE_OBJC_ARC = YES;
				CLANG_ENABLE_OBJC_WEAK = YES;
				CLANG_WARN_BLOCK_CAPTURE_AUTORELEASING = YES;
				CLANG_WARN_BOOL_CONVERSION = YES;
				CLANG_WARN_COMMA = YES;
				CLANG_WARN_CONSTANT_CONVERSION = YES;
				CLANG_WARN_DEPRECATED_OBJC_IMPLEMENTATIONS = YES;
				CLANG_WARN_DIRECT_OBJC_ISA_USAGE = YES_ERROR;
				CLANG_WARN_DOCUMENTATION_COMMENTS = YES;
				CLANG_WARN_EMPTY_BODY = YES;
				CLANG_WARN_ENUM_CONVERSION = YES;
				CLANG_WARN_INFINITE_RECURSION = YES;
				CLANG_WARN_INT_CONVERSION = YES;
				CLANG_WARN_NON_LITERAL_NULL_CONVERSION = YES;
				CLANG_WARN_OBJC_IMPLICIT_RETAIN_SELF = YES;
				CLANG_WARN_OBJC_LITERAL_CONVERSION = YES;
				CLANG_WARN_OBJC_ROOT_CLASS = YES_ERROR;
				CLANG_WARN_QUOTED_INCLUDE_IN_FRAMEWORK_HEADER = YES;
				CLANG_WARN_RANGE_LOOP_ANALYSIS = YES;
				CLANG_WARN_STRICT_PROTOTYPES = YES;
				CLANG_WARN_SUSPICIOUS_MOVE = YES;
				CLANG_WARN_UNGUARDED_AVAILABILITY = YES_AGGRESSIVE;
				CLANG_WARN_UNREACHABLE_CODE = YES;
				CLANG_WARN__DUPLICATE_METHOD_MATCH = YES;
				COPY_PHASE_STRIP = NO;
				DEBUG_INFORMATION_FORMAT = dwarf;
				ENABLE_STRICT_OBJC_MSGSEND = YES;
				ENABLE_TESTABILITY = YES;
				GCC_C_LANGUAGE_STANDARD = gnu11;
				GCC_DYNAMIC_NO_PIC = NO;
				GCC_NO_COMMON_BLOCKS = YES;
				GCC_OPTIMIZATION_LEVEL = 0;
				GCC_PREPROCESSOR_DEFINITIONS = (
					"DEBUG=1",
					"$(inherited)",
				);
				GCC_WARN_64_TO_32_BIT_CONVERSION = YES;
				GCC_WARN_ABOUT_RETURN_TYPE = YES_ERROR;
				GCC_WARN_UNDECLARED_SELECTOR = YES;
				GCC_WARN_UNINITIALIZED_AUTOS = YES_AGGRESSIVE;
				GCC_WARN_UNUSED_FUNCTION = YES;
				GCC_WARN_UNUSED_VARIABLE = YES;
				IPHONEOS_DEPLOYMENT_TARGET = 16.2;
				MTL_ENABLE_DEBUG_INFO = INCLUDE_SOURCE;
				MTL_FAST_MATH = YES;
				ONLY_ACTIVE_ARCH = YES;
				SDKROOT = iphoneos;
				SWIFT_ACTIVE_COMPILATION_CONDITIONS = DEBUG;
				SWIFT_OPTIMIZATION_LEVEL = "-Onone";
			};
			name = Debug;
		};
		1C71FDF529E3BB7300692EE1 /* Release */ = {
			isa = XCBuildConfiguration;
			buildSettings = {
				ALWAYS_SEARCH_USER_PATHS = NO;
				CLANG_ANALYZER_NONNULL = YES;
				CLANG_ANALYZER_NUMBER_OBJECT_CONVERSION = YES_AGGRESSIVE;
				CLANG_CXX_LANGUAGE_STANDARD = "gnu++20";
				CLANG_ENABLE_MODULES = YES;
				CLANG_ENABLE_OBJC_ARC = YES;
				CLANG_ENABLE_OBJC_WEAK = YES;
				CLANG_WARN_BLOCK_CAPTURE_AUTORELEASING = YES;
				CLANG_WARN_BOOL_CONVERSION = YES;
				CLANG_WARN_COMMA = YES;
				CLANG_WARN_CONSTANT_CONVERSION = YES;
				CLANG_WARN_DEPRECATED_OBJC_IMPLEMENTATIONS = YES;
				CLANG_WARN_DIRECT_OBJC_ISA_USAGE = YES_ERROR;
				CLANG_WARN_DOCUMENTATION_COMMENTS = YES;
				CLANG_WARN_EMPTY_BODY = YES;
				CLANG_WARN_ENUM_CONVERSION = YES;
				CLANG_WARN_INFINITE_RECURSION = YES;
				CLANG_WARN_INT_CONVERSION = YES;
				CLANG_WARN_NON_LITERAL_NULL_CONVERSION = YES;
				CLANG_WARN_OBJC_IMPLICIT_RETAIN_SELF = YES;
				CLANG_WARN_OBJC_LITERAL_CONVERSION = YES;
				CLANG_WARN_OBJC_ROOT_CLASS = YES_ERROR;
				CLANG_WARN_QUOTED_INCLUDE_IN_FRAMEWORK_HEADER = YES;
				CLANG_WARN_RANGE_LOOP_ANALYSIS = YES;
				CLANG_WARN_STRICT_PROTOTYPES = YES;
				CLANG_WARN_SUSPICIOUS_MOVE = YES;
				CLANG_WARN_UNGUARDED_AVAILABILITY = YES_AGGRESSIVE;
				CLANG_WARN_UNREACHABLE_CODE = YES;
				CLANG_WARN__DUPLICATE_METHOD_MATCH = YES;
				COPY_PHASE_STRIP = NO;
				DEBUG_INFORMATION_FORMAT = "dwarf-with-dsym";
				ENABLE_NS_ASSERTIONS = NO;
				ENABLE_STRICT_OBJC_MSGSEND = YES;
				GCC_C_LANGUAGE_STANDARD = gnu11;
				GCC_NO_COMMON_BLOCKS = YES;
				GCC_WARN_64_TO_32_BIT_CONVERSION = YES;
				GCC_WARN_ABOUT_RETURN_TYPE = YES_ERROR;
				GCC_WARN_UNDECLARED_SELECTOR = YES;
				GCC_WARN_UNINITIALIZED_AUTOS = YES_AGGRESSIVE;
				GCC_WARN_UNUSED_FUNCTION = YES;
				GCC_WARN_UNUSED_VARIABLE = YES;
				IPHONEOS_DEPLOYMENT_TARGET = 16.2;
				MTL_ENABLE_DEBUG_INFO = NO;
				MTL_FAST_MATH = YES;
				SDKROOT = iphoneos;
				SWIFT_COMPILATION_MODE = wholemodule;
				SWIFT_OPTIMIZATION_LEVEL = "-O";
				VALIDATE_PRODUCT = YES;
			};
			name = Release;
		};
		1C71FDF729E3BB7300692EE1 /* Debug */ = {
			isa = XCBuildConfiguration;
			buildSettings = {
				ASSETCATALOG_COMPILER_APPICON_NAME = AppIcon;
				ASSETCATALOG_COMPILER_GLOBAL_ACCENT_COLOR_NAME = AccentColor;
				CODE_SIGN_STYLE = Automatic;
				CURRENT_PROJECT_VERSION = 1;
				DEVELOPMENT_ASSET_PATHS = "\"View Controller/Preview Content\"";
				DEVELOPMENT_TEAM = 9YN9674B5Y;
				ENABLE_PREVIEWS = YES;
				GENERATE_INFOPLIST_FILE = YES;
				INFOPLIST_KEY_UIApplicationSceneManifest_Generation = YES;
				INFOPLIST_KEY_UIApplicationSupportsIndirectInputEvents = YES;
				INFOPLIST_KEY_UILaunchScreen_Generation = YES;
				INFOPLIST_KEY_UISupportedInterfaceOrientations_iPad = "UIInterfaceOrientationPortrait UIInterfaceOrientationPortraitUpsideDown UIInterfaceOrientationLandscapeLeft UIInterfaceOrientationLandscapeRight";
				INFOPLIST_KEY_UISupportedInterfaceOrientations_iPhone = "UIInterfaceOrientationPortrait UIInterfaceOrientationLandscapeLeft UIInterfaceOrientationLandscapeRight";
				LD_RUNPATH_SEARCH_PATHS = (
					"$(inherited)",
					"@executable_path/Frameworks",
				);
				MARKETING_VERSION = 1.0;
				PRODUCT_BUNDLE_IDENTIFIER = "io.XuanThinh.View-Controller";
				PRODUCT_NAME = "$(TARGET_NAME)";
				SWIFT_EMIT_LOC_STRINGS = YES;
				SWIFT_VERSION = 5.0;
				TARGETED_DEVICE_FAMILY = "1,2";
			};
			name = Debug;
		};
		1C71FDF829E3BB7300692EE1 /* Release */ = {
			isa = XCBuildConfiguration;
			buildSettings = {
				ASSETCATALOG_COMPILER_APPICON_NAME = AppIcon;
				ASSETCATALOG_COMPILER_GLOBAL_ACCENT_COLOR_NAME = AccentColor;
				CODE_SIGN_STYLE = Automatic;
				CURRENT_PROJECT_VERSION = 1;
				DEVELOPMENT_ASSET_PATHS = "\"View Controller/Preview Content\"";
				DEVELOPMENT_TEAM = 9YN9674B5Y;
				ENABLE_PREVIEWS = YES;
				GENERATE_INFOPLIST_FILE = YES;
				INFOPLIST_KEY_UIApplicationSceneManifest_Generation = YES;
				INFOPLIST_KEY_UIApplicationSupportsIndirectInputEvents = YES;
				INFOPLIST_KEY_UILaunchScreen_Generation = YES;
				INFOPLIST_KEY_UISupportedInterfaceOrientations_iPad = "UIInterfaceOrientationPortrait UIInterfaceOrientationPortraitUpsideDown UIInterfaceOrientationLandscapeLeft UIInterfaceOrientationLandscapeRight";
				INFOPLIST_KEY_UISupportedInterfaceOrientations_iPhone = "UIInterfaceOrientationPortrait UIInterfaceOrientationLandscapeLeft UIInterfaceOrientationLandscapeRight";
				LD_RUNPATH_SEARCH_PATHS = (
					"$(inherited)",
					"@executable_path/Frameworks",
				);
				MARKETING_VERSION = 1.0;
				PRODUCT_BUNDLE_IDENTIFIER = "io.XuanThinh.View-Controller";
				PRODUCT_NAME = "$(TARGET_NAME)";
				SWIFT_EMIT_LOC_STRINGS = YES;
				SWIFT_VERSION = 5.0;
				TARGETED_DEVICE_FAMILY = "1,2";
			};
			name = Release;
		};
		1C71FDFA29E3BB7300692EE1 /* Debug */ = {
			isa = XCBuildConfiguration;
			buildSettings = {
				ALWAYS_EMBED_SWIFT_STANDARD_LIBRARIES = YES;
				BUNDLE_LOADER = "$(TEST_HOST)";
				CODE_SIGN_STYLE = Automatic;
				CURRENT_PROJECT_VERSION = 1;
				DEVELOPMENT_TEAM = 9YN9674B5Y;
				GENERATE_INFOPLIST_FILE = YES;
				IPHONEOS_DEPLOYMENT_TARGET = 16.2;
				MARKETING_VERSION = 1.0;
				PRODUCT_BUNDLE_IDENTIFIER = "io.XuanThinh.View-ControllerTests";
				PRODUCT_NAME = "$(TARGET_NAME)";
				SWIFT_EMIT_LOC_STRINGS = NO;
				SWIFT_VERSION = 5.0;
				TARGETED_DEVICE_FAMILY = "1,2";
				TEST_HOST = "$(BUILT_PRODUCTS_DIR)/View Controller.app/$(BUNDLE_EXECUTABLE_FOLDER_PATH)/View Controller";
			};
			name = Debug;
		};
		1C71FDFB29E3BB7300692EE1 /* Release */ = {
			isa = XCBuildConfiguration;
			buildSettings = {
				ALWAYS_EMBED_SWIFT_STANDARD_LIBRARIES = YES;
				BUNDLE_LOADER = "$(TEST_HOST)";
				CODE_SIGN_STYLE = Automatic;
				CURRENT_PROJECT_VERSION = 1;
				DEVELOPMENT_TEAM = 9YN9674B5Y;
				GENERATE_INFOPLIST_FILE = YES;
				IPHONEOS_DEPLOYMENT_TARGET = 16.2;
				MARKETING_VERSION = 1.0;
				PRODUCT_BUNDLE_IDENTIFIER = "io.XuanThinh.View-ControllerTests";
				PRODUCT_NAME = "$(TARGET_NAME)";
				SWIFT_EMIT_LOC_STRINGS = NO;
				SWIFT_VERSION = 5.0;
				TARGETED_DEVICE_FAMILY = "1,2";
				TEST_HOST = "$(BUILT_PRODUCTS_DIR)/View Controller.app/$(BUNDLE_EXECUTABLE_FOLDER_PATH)/View Controller";
			};
			name = Release;
		};
		1C71FDFD29E3BB7300692EE1 /* Debug */ = {
			isa = XCBuildConfiguration;
			buildSettings = {
				ALWAYS_EMBED_SWIFT_STANDARD_LIBRARIES = YES;
				CODE_SIGN_STYLE = Automatic;
				CURRENT_PROJECT_VERSION = 1;
				DEVELOPMENT_TEAM = 9YN9674B5Y;
				GENERATE_INFOPLIST_FILE = YES;
				MARKETING_VERSION = 1.0;
				PRODUCT_BUNDLE_IDENTIFIER = "io.XuanThinh.View-ControllerUITests";
				PRODUCT_NAME = "$(TARGET_NAME)";
				SWIFT_EMIT_LOC_STRINGS = NO;
				SWIFT_VERSION = 5.0;
				TARGETED_DEVICE_FAMILY = "1,2";
				TEST_TARGET_NAME = "View Controller";
			};
			name = Debug;
		};
		1C71FDFE29E3BB7300692EE1 /* Release */ = {
			isa = XCBuildConfiguration;
			buildSettings = {
				ALWAYS_EMBED_SWIFT_STANDARD_LIBRARIES = YES;
				CODE_SIGN_STYLE = Automatic;
				CURRENT_PROJECT_VERSION = 1;
				DEVELOPMENT_TEAM = 9YN9674B5Y;
				GENERATE_INFOPLIST_FILE = YES;
				MARKETING_VERSION = 1.0;
				PRODUCT_BUNDLE_IDENTIFIER = "io.XuanThinh.View-ControllerUITests";
				PRODUCT_NAME = "$(TARGET_NAME)";
				SWIFT_EMIT_LOC_STRINGS = NO;
				SWIFT_VERSION = 5.0;
				TARGETED_DEVICE_FAMILY = "1,2";
				TEST_TARGET_NAME = "View Controller";
			};
			name = Release;
		};
/* End XCBuildConfiguration section */

/* Begin XCConfigurationList section */
		1C71FDCD29E3BB7100692EE1 /* Build configuration list for PBXProject "View Controller" */ = {
			isa = XCConfigurationList;
			buildConfigurations = (
				1C71FDF429E3BB7300692EE1 /* Debug */,
				1C71FDF529E3BB7300692EE1 /* Release */,
			);
			defaultConfigurationIsVisible = 0;
			defaultConfigurationName = Release;
		};
		1C71FDF629E3BB7300692EE1 /* Build configuration list for PBXNativeTarget "View Controller" */ = {
			isa = XCConfigurationList;
			buildConfigurations = (
				1C71FDF729E3BB7300692EE1 /* Debug */,
				1C71FDF829E3BB7300692EE1 /* Release */,
			);
			defaultConfigurationIsVisible = 0;
			defaultConfigurationName = Release;
		};
		1C71FDF929E3BB7300692EE1 /* Build configuration list for PBXNativeTarget "View ControllerTests" */ = {
			isa = XCConfigurationList;
			buildConfigurations = (
				1C71FDFA29E3BB7300692EE1 /* Debug */,
				1C71FDFB29E3BB7300692EE1 /* Release */,
			);
			defaultConfigurationIsVisible = 0;
			defaultConfigurationName = Release;
		};
		1C71FDFC29E3BB7300692EE1 /* Build configuration list for PBXNativeTarget "View ControllerUITests" */ = {
			isa = XCConfigurationList;
			buildConfigurations = (
				1C71FDFD29E3BB7300692EE1 /* Debug */,
				1C71FDFE29E3BB7300692EE1 /* Release */,
			);
			defaultConfigurationIsVisible = 0;
			defaultConfigurationName = Release;
		};
/* End XCConfigurationList section */
	};
	rootObject = 1C71FDCA29E3BB7100692EE1 /* Project object */;
}
